
Microsoft Visual Studio Solution File, Format Version 12.00
# Visual Studio Version 17
VisualStudioVersion = 17.0.31606.5
MinimumVisualStudioVersion = 10.0.40219.1
Project("{888888A0-9F3D-457C-B088-3A5042F75D52}") = "ReadSierraChartScidPy", "ReadSierraChartScidPy\ReadSierraChartScidPy.pyproj", "{BC476F1A-4E58-4477-915A-56D3D52D1E3B}"
EndProject
Global
	GlobalSection(SolutionConfigurationPlatforms) = preSolution
		Debug|Any CPU = Debug|Any CPU
		Release|Any CPU = Release|Any CPU
	EndGlobalSection
	GlobalSection(ProjectConfigurationPlatforms) = postSolution
		{BC476F1A-4E58-4477-915A-56D3D52D1E3B}.Debug|Any CPU.ActiveCfg = Debug|Any CPU
		{BC476F1A-4E58-4477-915A-56D3D52D1E3B}.Release|Any CPU.ActiveCfg = Release|Any CPU
	EndGlobalSection
	GlobalSection(SolutionProperties) = preSolution
		HideSolutionNode = FALSE
	EndGlobalSection
	GlobalSection(ExtensibilityGlobals) = postSolution
		SolutionGuid = {A675BEC4-B9DE-4AB4-8B8F-37C383CFF6CB}
	EndGlobalSection
EndGlobal
